
Microsoft Visual Studio Solution File, Format Version 12.00
# Visual Studio Version 16
VisualStudioVersion = 16.0.31729.503
MinimumVisualStudioVersion = 10.0.40219.1
Project("{FAE04EC0-301F-11D3-BF4B-00C04F79EFBC}") = "Household-Management-System", "Household-Management-System.csproj", "{9EB4C3A0-4947-43B3-B0F8-B94AE9538646}"
EndProject
Global
	GlobalSection(SolutionConfigurationPlatforms) = preSolution
		Debug|Any CPU = Debug|Any CPU
		Release|Any CPU = Release|Any CPU
	EndGlobalSection
	GlobalSection(ProjectConfigurationPlatforms) = postSolution
		{9EB4C3A0-4947-43B3-B0F8-B94AE9538646}.Debug|Any CPU.ActiveCfg = Debug|Any CPU
		{9EB4C3A0-4947-43B3-B0F8-B94AE9538646}.Debug|Any CPU.Build.0 = Debug|Any CPU
		{9EB4C3A0-4947-43B3-B0F8-B94AE9538646}.Release|Any CPU.ActiveCfg = Release|Any CPU
		{9EB4C3A0-4947-43B3-B0F8-B94AE9538646}.Release|Any CPU.Build.0 = Release|Any CPU
	EndGlobalSection
	GlobalSection(SolutionProperties) = preSolution
		HideSolutionNode = FALSE
	EndGlobalSection
	GlobalSection(ExtensibilityGlobals) = postSolution
		SolutionGuid = {36733743-61A1-42C6-9CAD-06973CDAE6D5}
	EndGlobalSection
EndGlobal
